<?xml version="1.0" encoding="utf-8"?>
<Project ToolsVersion="4.0" xmlns="http://schemas.microsoft.com/developer/msbuild/2003">
  <ItemGroup>
    <Filter Include="Source Files">
      <UniqueIdentifier>{4FC737F1-C7A5-4376-A066-2A32D752A2FF}</UniqueIdentifier>
      <Extensions>cpp;c;cc;cxx;def;odl;idl;hpj;bat;asm;asmx</Extensions>
    </Filter>
    <Filter Include="Header Files">
      <UniqueIdentifier>{93995380-89BD-4b04-88EB-625FBE52EBFB}</UniqueIdentifier>
      <Extensions>h;hpp;hxx;hm;inl;inc;xsd</Extensions>
    </Filter>
    <Filter Include="Resource Files">
      <UniqueIdentifier>{67DA6AB6-F800-4c08-8B7A-83BB121AAD01}</UniqueIdentifier>
      <Extensions>rc;ico;cur;bmp;dlg;rc2;rct;bin;rgs;gif;jpg;jpeg;jpe;resx;tiff;tif;png;wav</Extensions>
    </Filter>
  </ItemGroup>
  <ItemGroup>
    <ClCompile Include="DirectoryUtil.cpp">
      <Filter>Source Files</Filter>
    </ClCompile>
    <ClCompile Include="ErrorUtil.cpp">
      <Filter>Source Files</Filter>
    </ClCompile>
    <ClCompile Include="FileUtil.cpp">
      <Filter>Source Files</Filter>
    </ClCompile>
    <ClCompile Include="FormatUtil.cpp">
      <Filter>Source Files</Filter>
    </ClCompile>
    <ClCompile Include="GuidUtil.cpp">
      <Filter>Source Files</Filter>
    </ClCompile>
    <ClCompile Include="ImageUtil.cpp">
      <Filter>Source Files</Filter>
    </ClCompile>
    <ClCompile Include="MsiUtil.cpp">
      <Filter>Source Files</Filter>
    </ClCompile>
    <ClCompile Include="OsUtil.cpp">
      <Filter>Source Files</Filter>
    </ClCompile>
    <ClCompile Include="PathUtil.cpp">
      <Filter>Source Files</Filter>
    </ClCompile>
    <ClCompile Include="RegistryUtil.cpp">
      <Filter>Source Files</Filter>
    </ClCompile>
    <ClCompile Include="ShellUtil.cpp">
      <Filter>Source Files</Filter>
    </ClCompile>
    <ClCompile Include="stdafx.cpp">
      <Filter>Source Files</Filter>
    </ClCompile>
    <ClCompile Include="StringUtil.cpp">
      <Filter>Source Files</Filter>
    </ClCompile>
    <ClCompile Include="UACElevation.cpp">
      <Filter>Source Files</Filter>
    </ClCompile>
    <ClCompile Include="VersionUtil.cpp">
      <Filter>Source Files</Filter>
    </ClCompile>
    <ClCompile Include="..\ThirdParty\semver\Semver200_comparator.cpp">
      <Filter>Source Files</Filter>
    </ClCompile>
    <ClCompile Include="..\ThirdParty\semver\Semver200_modifier.cpp">
      <Filter>Source Files</Filter>
    </ClCompile>
    <ClCompile Include="..\ThirdParty\semver\Semver200_parser.cpp">
      <Filter>Source Files</Filter>
    </ClCompile>
    <ClCompile Include="LoggerManager.cpp">
      <Filter>Source Files</Filter>
    </ClCompile>
    <ClCompile Include="WmiUtil.cpp">
      <Filter>Source Files</Filter>
    </ClCompile>
  </ItemGroup>
  <ItemGroup>
    <ClInclude Include="DirectoryUtil.h">
      <Filter>Header Files</Filter>
    </ClInclude>
    <ClInclude Include="ErrorUtil.h">
      <Filter>Header Files</Filter>
    </ClInclude>
    <ClInclude Include="ExceptionMacros.h">
      <Filter>Header Files</Filter>
    </ClInclude>
    <ClInclude Include="FileUtil.h">
      <Filter>Header Files</Filter>
    </ClInclude>
    <ClInclude Include="FileUtilImpl.h">
      <Filter>Header Files</Filter>
    </ClInclude>
    <ClInclude Include="FormatUtil.h">
      <Filter>Header Files</Filter>
    </ClInclude>
    <ClInclude Include="FunctionUtil.h">
      <Filter>Header Files</Filter>
    </ClInclude>
    <ClInclude Include="GuidUtil.h">
      <Filter>Header Files</Filter>
    </ClInclude>
    <ClInclude Include="ImageUtil.h">
      <Filter>Header Files</Filter>
    </ClInclude>
    <ClInclude Include="MsiUtil.h">
      <Filter>Header Files</Filter>
    </ClInclude>
    <ClInclude Include="OsUtil.h">
      <Filter>Header Files</Filter>
    </ClInclude>
    <ClInclude Include="PathUtil.h">
      <Filter>Header Files</Filter>
    </ClInclude>
    <ClInclude Include="RegistryUtil.h">
      <Filter>Header Files</Filter>
    </ClInclude>
    <ClInclude Include="ShellUtil.h">
      <Filter>Header Files</Filter>
    </ClInclude>
    <ClInclude Include="stdafx.h">
      <Filter>Header Files</Filter>
    </ClInclude>
    <ClInclude Include="StringUtil.h">
      <Filter>Header Files</Filter>
    </ClInclude>
    <ClInclude Include="StringUtilImpl.h">
      <Filter>Header Files</Filter>
    </ClInclude>
    <ClInclude Include="Tools.h">
      <Filter>Header Files</Filter>
    </ClInclude>
    <ClInclude Include="UACElevation.h">
      <Filter>Header Files</Filter>
    </ClInclude>
    <ClInclude Include="VersionUtil.h">
      <Filter>Header Files</Filter>
    </ClInclude>
    <ClInclude Include="Logger.h">
      <Filter>Header Files</Filter>
    </ClInclude>
    <ClInclude Include="LoggerManager.h">
      <Filter>Header Files</Filter>
    </ClInclude>
    <ClInclude Include="..\ThirdParty\semver\semver200.h">
      <Filter>Header Files</Filter>
    </ClInclude>
    <ClInclude Include="..\ThirdParty\semver\version.h">
      <Filter>Header Files</Filter>
    </ClInclude>
    <ClInclude Include="WmiUtil.h">
      <Filter>Header Files</Filter>
    </ClInclude>
    <ClInclude Include="ComInitializer.h">
      <Filter>Header Files</Filter>
    </ClInclude>
  </ItemGroup>
  <ItemGroup>
    <None Include="..\ThirdParty\semver\version.inl">
      <Filter>Header Files</Filter>
    </None>
  </ItemGroup>
</Project>