<?xml version="1.0" encoding="utf-8"?>
<Project ToolsVersion="4.0" xmlns="http://schemas.microsoft.com/developer/msbuild/2003">
  <ItemGroup>
    <Filter Include="Source Files">
      <UniqueIdentifier>{4FC737F1-C7A5-4376-A066-2A32D752A2FF}</UniqueIdentifier>
      <Extensions>cpp;c;cc;cxx;def;odl;idl;hpj;bat;asm;asmx</Extensions>
    </Filter>
    <Filter Include="Header Files">
      <UniqueIdentifier>{93995380-89BD-4b04-88EB-625FBE52EBFB}</UniqueIdentifier>
      <Extensions>h;hpp;hxx;hm;inl;inc;xsd</Extensions>
    </Filter>
    <Filter Include="Resource Files">
      <UniqueIdentifier>{67DA6AB6-F800-4c08-8B7A-83BB121AAD01}</UniqueIdentifier>
      <Extensions>rc;ico;cur;bmp;dlg;rc2;rct;bin;rgs;gif;jpg;jpeg;jpe;resx;tiff;tif;png;wav</Extensions>
    </Filter>
  </ItemGroup>
  <ItemGroup>
    <ClCompile Include="DirectoryUtilUnitTests.cpp">
      <Filter>Source Files</Filter>
    </ClCompile>
    <ClCompile Include="ErrorUtilUnitTests.cpp">
      <Filter>Source Files</Filter>
    </ClCompile>
    <ClCompile Include="ExceptionMacrosUnitTests.cpp">
      <Filter>Source Files</Filter>
    </ClCompile>
    <ClCompile Include="FileUtilUnitTests.cpp">
      <Filter>Source Files</Filter>
    </ClCompile>
    <ClCompile Include="FindWindow.cpp">
      <Filter>Source Files</Filter>
    </ClCompile>
    <ClCompile Include="FormatUnitTests.cpp">
      <Filter>Source Files</Filter>
    </ClCompile>
    <ClCompile Include="FunctionUtilUnitTests.cpp">
      <Filter>Source Files</Filter>
    </ClCompile>
    <ClCompile Include="GuidUtilUnitTests.cpp">
      <Filter>Source Files</Filter>
    </ClCompile>
    <ClCompile Include="ImageUtilUnitTests.cpp">
      <Filter>Source Files</Filter>
    </ClCompile>
    <ClCompile Include="MsiUtilUnitTests.cpp">
      <Filter>Source Files</Filter>
    </ClCompile>
    <ClCompile Include="OsUtilUnitTests.cpp">
      <Filter>Source Files</Filter>
    </ClCompile>
    <ClCompile Include="PathUtilUnitTests.cpp">
      <Filter>Source Files</Filter>
    </ClCompile>
    <ClCompile Include="RegistryUtilUnitTests.cpp">
      <Filter>Source Files</Filter>
    </ClCompile>
    <ClCompile Include="ShellUtilUnitTests.cpp">
      <Filter>Source Files</Filter>
    </ClCompile>
    <ClCompile Include="stdafx.cpp">
      <Filter>Source Files</Filter>
    </ClCompile>
    <ClCompile Include="StringUtilUnitTests.cpp">
      <Filter>Source Files</Filter>
    </ClCompile>
    <ClCompile Include="UACElevationUnitTests.cpp">
      <Filter>Source Files</Filter>
    </ClCompile>
    <ClCompile Include="VersionUtilUnitTests.cpp">
      <Filter>Source Files</Filter>
    </ClCompile>
  </ItemGroup>
  <ItemGroup>
    <ClInclude Include="DirectoryUtilUnitTests.h">
      <Filter>Header Files</Filter>
    </ClInclude>
    <ClInclude Include="ErrorUtilUnitTests.h">
      <Filter>Header Files</Filter>
    </ClInclude>
    <ClInclude Include="ExceptionMacrosUnitTests.h">
      <Filter>Header Files</Filter>
    </ClInclude>
    <ClInclude Include="FileUtilUnitTests.h">
      <Filter>Header Files</Filter>
    </ClInclude>
    <ClInclude Include="FindWindow.h">
      <Filter>Header Files</Filter>
    </ClInclude>
    <ClInclude Include="FormatUnitTests.h">
      <Filter>Header Files</Filter>
    </ClInclude>
    <ClInclude Include="FunctionUtilUnitTests.h">
      <Filter>Header Files</Filter>
    </ClInclude>
    <ClInclude Include="GuidUtilUnitTests.h">
      <Filter>Header Files</Filter>
    </ClInclude>
    <ClInclude Include="ImageUtilUnitTests.h">
      <Filter>Header Files</Filter>
    </ClInclude>
    <ClInclude Include="MsiUtilUnitTests.h">
      <Filter>Header Files</Filter>
    </ClInclude>
    <ClInclude Include="OsUtilUnitTests.h">
      <Filter>Header Files</Filter>
    </ClInclude>
    <ClInclude Include="PathUtilUnitTests.h">
      <Filter>Header Files</Filter>
    </ClInclude>
    <ClInclude Include="RegistryUtilUnitTests.h">
      <Filter>Header Files</Filter>
    </ClInclude>
    <ClInclude Include="ShellUtilUnitTests.h">
      <Filter>Header Files</Filter>
    </ClInclude>
    <ClInclude Include="stdafx.h">
      <Filter>Header Files</Filter>
    </ClInclude>
    <ClInclude Include="StringUtilUnitTests.h">
      <Filter>Header Files</Filter>
    </ClInclude>
    <ClInclude Include="UACElevationUnitTests.h">
      <Filter>Header Files</Filter>
    </ClInclude>
    <ClInclude Include="VersionUtilUnitTests.h">
      <Filter>Header Files</Filter>
    </ClInclude>
  </ItemGroup>
  <ItemGroup>
    <ResourceCompile Include="dotNetInstallerToolsLibUnitTests.rc">
      <Filter>Resource Files</Filter>
    </ResourceCompile>
  </ItemGroup>
  <ItemGroup>
    <Image Include="test.bmp">
      <Filter>Resource Files</Filter>
    </Image>
  </ItemGroup>
</Project>