<?xml version="1.0" encoding="utf-8"?>
<Project ToolsVersion="4.0" xmlns="http://schemas.microsoft.com/developer/msbuild/2003">
  <ItemGroup>
    <Filter Include="Source Files">
      <UniqueIdentifier>{4FC737F1-C7A5-4376-A066-2A32D752A2FF}</UniqueIdentifier>
      <Extensions>cpp;c;cxx;def;odl;idl;hpj;bat;asm;asmx</Extensions>
    </Filter>
    <Filter Include="Header Files">
      <UniqueIdentifier>{93995380-89BD-4b04-88EB-625FBE52EBFB}</UniqueIdentifier>
      <Extensions>h;hpp;hxx;hm;inl;inc;xsd</Extensions>
    </Filter>
    <Filter Include="Resource Files">
      <UniqueIdentifier>{67DA6AB6-F800-4c08-8B7A-83BB121AAD01}</UniqueIdentifier>
      <Extensions>rc;ico;cur;bmp;dlg;rc2;rct;bin;rgs;gif;jpg;jpeg;jpe;resx</Extensions>
    </Filter>
  </ItemGroup>
  <ItemGroup>
    <ClCompile Include="BrowseCtrl.cpp">
      <Filter>Source Files</Filter>
    </ClCompile>
    <ClCompile Include="ComponentsList.cpp">
      <Filter>Source Files</Filter>
    </ClCompile>
    <ClCompile Include="ConfigFileManager.cpp">
      <Filter>Source Files</Filter>
    </ClCompile>
    <ClCompile Include="ControlValue.cpp">
      <Filter>Source Files</Filter>
    </ClCompile>
    <ClCompile Include="dotNetInstaller.cpp">
      <Filter>Source Files</Filter>
    </ClCompile>
    <ClCompile Include="dotNetInstallerDlg.cpp">
      <Filter>Source Files</Filter>
    </ClCompile>
    <ClCompile Include="DownloadDialog.cpp">
      <Filter>Source Files</Filter>
    </ClCompile>
    <ClCompile Include="DownloadStatus.cpp">
      <Filter>Source Files</Filter>
    </ClCompile>
    <ClCompile Include="ExtractCabDlg.cpp">
      <Filter>Source Files</Filter>
    </ClCompile>
    <ClCompile Include="ExtractCabProcessor.cpp">
      <Filter>Source Files</Filter>
    </ClCompile>
    <ClCompile Include="HyperlinkStatic.cpp">
      <Filter>Source Files</Filter>
    </ClCompile>
    <ClCompile Include="InstallComponentDlg.cpp">
      <Filter>Source Files</Filter>
    </ClCompile>
    <ClCompile Include="InstallStatus.cpp">
      <Filter>Source Files</Filter>
    </ClCompile>
    <ClCompile Include="KCBusyProgressCtrl.cpp">
      <Filter>Source Files</Filter>
    </ClCompile>
    <ClCompile Include="LanguageSelectorDialog.cpp">
      <Filter>Source Files</Filter>
    </ClCompile>
    <ClCompile Include="stdafx.cpp">
      <Filter>Source Files</Filter>
    </ClCompile>
  </ItemGroup>
  <ItemGroup>
    <ClInclude Include="BrowseCtrl.h">
      <Filter>Header Files</Filter>
    </ClInclude>
    <ClInclude Include="ComponentsList.h">
      <Filter>Header Files</Filter>
    </ClInclude>
    <ClInclude Include="ConfigFileManager.h">
      <Filter>Header Files</Filter>
    </ClInclude>
    <ClInclude Include="ControlValue.h">
      <Filter>Header Files</Filter>
    </ClInclude>
    <ClInclude Include="dotNetInstaller.h">
      <Filter>Header Files</Filter>
    </ClInclude>
    <ClInclude Include="dotNetInstallerDlg.h">
      <Filter>Header Files</Filter>
    </ClInclude>
    <ClInclude Include="DownloadDialog.h">
      <Filter>Header Files</Filter>
    </ClInclude>
    <ClInclude Include="DownloadStatus.h">
      <Filter>Header Files</Filter>
    </ClInclude>
    <ClInclude Include="ExtractCabDlg.h">
      <Filter>Header Files</Filter>
    </ClInclude>
    <ClInclude Include="ExtractCabProcessor.h">
      <Filter>Header Files</Filter>
    </ClInclude>
    <ClInclude Include="HyperlinkStatic.h">
      <Filter>Header Files</Filter>
    </ClInclude>
    <ClInclude Include="InstallComponentDlg.h">
      <Filter>Header Files</Filter>
    </ClInclude>
    <ClInclude Include="InstallStatus.h">
      <Filter>Header Files</Filter>
    </ClInclude>
    <ClInclude Include="KCBusyProgressCtrl.h">
      <Filter>Header Files</Filter>
    </ClInclude>
    <ClInclude Include="LanguageSelectorDialog.h">
      <Filter>Header Files</Filter>
    </ClInclude>
    <ClInclude Include="Resource.h">
      <Filter>Header Files</Filter>
    </ClInclude>
    <ClInclude Include="stdafx.h">
      <Filter>Header Files</Filter>
    </ClInclude>
    <ClInclude Include="StdAfxCommon.h">
      <Filter>Header Files</Filter>
    </ClInclude>
  </ItemGroup>
  <ItemGroup>
    <Image Include="res\banner.bmp">
      <Filter>Resource Files</Filter>
    </Image>
    <Image Include="res\dotNetInstaller.ico">
      <Filter>Resource Files</Filter>
    </Image>
  </ItemGroup>
  <ItemGroup>
    <ResourceCompile Include="dotNetInstaller.rc">
      <Filter>Resource Files</Filter>
    </ResourceCompile>
  </ItemGroup>
  <ItemGroup>
    <None Include="res\Hand.cur">
      <Filter>Resource Files</Filter>
    </None>
  </ItemGroup>
  <ItemGroup>
    <Manifest Include="dotNetInstaller.exe.manifest" />
  </ItemGroup>
  <ItemGroup>
    <MASM Include="..\BackwardsCompatibility\BackwardsCompatibility_i386.asm">
      <Filter>Source Files</Filter>
    </MASM>
  </ItemGroup>
</Project>