<?xml version="1.0" encoding="utf-8"?>
<Project ToolsVersion="4.0" xmlns="http://schemas.microsoft.com/developer/msbuild/2003">
  <ItemGroup>
    <Filter Include="Source Files">
      <UniqueIdentifier>{4FC737F1-C7A5-4376-A066-2A32D752A2FF}</UniqueIdentifier>
      <Extensions>cpp;c;cc;cxx;def;odl;idl;hpj;bat;asm;asmx</Extensions>
    </Filter>
    <Filter Include="Header Files">
      <UniqueIdentifier>{93995380-89BD-4b04-88EB-625FBE52EBFB}</UniqueIdentifier>
      <Extensions>h;hpp;hxx;hm;inl;inc;xsd</Extensions>
    </Filter>
    <Filter Include="Resource Files">
      <UniqueIdentifier>{67DA6AB6-F800-4c08-8B7A-83BB121AAD01}</UniqueIdentifier>
      <Extensions>rc;ico;cur;bmp;dlg;rc2;rct;bin;rgs;gif;jpg;jpeg;jpe;resx;tiff;tif;png;wav</Extensions>
    </Filter>
    <Filter Include="Html">
      <UniqueIdentifier>{691e645f-5ce7-4fa7-a06d-d928398b3dfb}</UniqueIdentifier>
    </Filter>
  </ItemGroup>
  <ItemGroup>
    <ClCompile Include="ConfigFileManager.cpp">
      <Filter>Source Files</Filter>
    </ClCompile>
    <ClCompile Include="DownloadWindow.cpp">
      <Filter>Source Files</Filter>
    </ClCompile>
    <ClCompile Include="ExtractCabProcessor.cpp">
      <Filter>Source Files</Filter>
    </ClCompile>
    <ClCompile Include="HTMLayoutBehaviorWeblink.cpp">
      <Filter>Source Files</Filter>
    </ClCompile>
    <ClCompile Include="HtmLayoutDll.cpp">
      <Filter>Source Files</Filter>
    </ClCompile>
    <ClCompile Include="htmlInstaller.cpp">
      <Filter>Source Files</Filter>
    </ClCompile>
    <ClCompile Include="HtmlWindow.cpp">
      <Filter>Source Files</Filter>
    </ClCompile>
    <ClCompile Include="InstallerWindow.cpp">
      <Filter>Source Files</Filter>
    </ClCompile>
    <ClCompile Include="SetControlValuesTask.cpp">
      <Filter>Source Files</Filter>
    </ClCompile>
    <ClCompile Include="stdafx.cpp">
      <Filter>Source Files</Filter>
    </ClCompile>
  </ItemGroup>
  <ItemGroup>
    <ClInclude Include="ConfigFileManager.h">
      <Filter>Header Files</Filter>
    </ClInclude>
    <ClInclude Include="DownloadWindow.h">
      <Filter>Header Files</Filter>
    </ClInclude>
    <ClInclude Include="ExtractCabProcessor.h">
      <Filter>Header Files</Filter>
    </ClInclude>
    <ClInclude Include="HTMLayoutBehaviorWeblink.h">
      <Filter>Header Files</Filter>
    </ClInclude>
    <ClInclude Include="HtmLayoutDll.h">
      <Filter>Header Files</Filter>
    </ClInclude>
    <ClInclude Include="htmlInstaller.h">
      <Filter>Header Files</Filter>
    </ClInclude>
    <ClInclude Include="HtmlWidgets.h">
      <Filter>Header Files</Filter>
    </ClInclude>
    <ClInclude Include="HtmlWindow.h">
      <Filter>Header Files</Filter>
    </ClInclude>
    <ClInclude Include="InstallerWindow.h">
      <Filter>Header Files</Filter>
    </ClInclude>
    <ClInclude Include="Resource.h">
      <Filter>Header Files</Filter>
    </ClInclude>
    <ClInclude Include="SetControlValuesTask.h">
      <Filter>Header Files</Filter>
    </ClInclude>
    <ClInclude Include="stdafx.h">
      <Filter>Header Files</Filter>
    </ClInclude>
    <ClInclude Include="StdAfxCommon.h">
      <Filter>Header Files</Filter>
    </ClInclude>
  </ItemGroup>
  <ItemGroup>
    <Image Include="htmlInstaller.ico">
      <Filter>Resource Files</Filter>
    </Image>
    <Image Include="Html\shield.gif">
      <Filter>Html</Filter>
    </Image>
  </ItemGroup>
  <ItemGroup>
    <ResourceCompile Include="htmlInstaller.rc">
      <Filter>Resource Files</Filter>
    </ResourceCompile>
  </ItemGroup>
  <ItemGroup>
    <None Include="Html\download.html">
      <Filter>Html</Filter>
    </None>
    <None Include="Html\index.html">
      <Filter>Html</Filter>
    </None>
    <None Include="Html\style.css">
      <Filter>Html</Filter>
    </None>
  </ItemGroup>
  <ItemGroup>
    <Manifest Include="htmlInstaller.exe.manifest" />
  </ItemGroup>
  <ItemGroup>
    <MASM Include="..\BackwardsCompatibility\BackwardsCompatibility_i386.asm">
      <Filter>Source Files</Filter>
    </MASM>
  </ItemGroup>
</Project>