<?xml version="1.0" encoding="utf-8"?>
<Project ToolsVersion="4.0" xmlns="http://schemas.microsoft.com/developer/msbuild/2003">
  <ItemGroup>
    <Filter Include="Source Files">
      <UniqueIdentifier>{4FC737F1-C7A5-4376-A066-2A32D752A2FF}</UniqueIdentifier>
      <Extensions>cpp;c;cc;cxx;def;odl;idl;hpj;bat;asm;asmx</Extensions>
    </Filter>
    <Filter Include="Header Files">
      <UniqueIdentifier>{93995380-89BD-4b04-88EB-625FBE52EBFB}</UniqueIdentifier>
      <Extensions>h;hpp;hxx;hm;inl;inc;xsd</Extensions>
    </Filter>
    <Filter Include="Resource Files">
      <UniqueIdentifier>{67DA6AB6-F800-4c08-8B7A-83BB121AAD01}</UniqueIdentifier>
      <Extensions>rc;ico;cur;bmp;dlg;rc2;rct;bin;rgs;gif;jpg;jpeg;jpe;resx;tiff;tif;png;wav</Extensions>
    </Filter>
  </ItemGroup>
  <ItemGroup>
    <ClCompile Include="CmdComponent.cpp">
      <Filter>Source Files</Filter>
    </ClCompile>
    <ClCompile Include="Component.cpp">
      <Filter>Source Files</Filter>
    </ClCompile>
    <ClCompile Include="Components.cpp">
      <Filter>Source Files</Filter>
    </ClCompile>
    <ClCompile Include="ComponentStatus.cpp">
      <Filter>Source Files</Filter>
    </ClCompile>
    <ClCompile Include="ConfigFile.cpp">
      <Filter>Source Files</Filter>
    </ClCompile>
    <ClCompile Include="ConfigFiles.cpp">
      <Filter>Source Files</Filter>
    </ClCompile>
    <ClCompile Include="Configuration.cpp">
      <Filter>Source Files</Filter>
    </ClCompile>
    <ClCompile Include="Configurations.cpp">
      <Filter>Source Files</Filter>
    </ClCompile>
    <ClCompile Include="Control.cpp">
      <Filter>Source Files</Filter>
    </ClCompile>
    <ClCompile Include="ControlBrowse.cpp">
      <Filter>Source Files</Filter>
    </ClCompile>
    <ClCompile Include="ControlCheckBox.cpp">
      <Filter>Source Files</Filter>
    </ClCompile>
    <ClCompile Include="ControlEdit.cpp">
      <Filter>Source Files</Filter>
    </ClCompile>
    <ClCompile Include="ControlHyperlink.cpp">
      <Filter>Source Files</Filter>
    </ClCompile>
    <ClCompile Include="ControlImage.cpp">
      <Filter>Source Files</Filter>
    </ClCompile>
    <ClCompile Include="ControlLabel.cpp">
      <Filter>Source Files</Filter>
    </ClCompile>
    <ClCompile Include="ControlLicense.cpp">
      <Filter>Source Files</Filter>
    </ClCompile>
    <ClCompile Include="ControlText.cpp">
      <Filter>Source Files</Filter>
    </ClCompile>
    <ClCompile Include="DialogButton.cpp">
      <Filter>Source Files</Filter>
    </ClCompile>
    <ClCompile Include="DniMessageBox.cpp">
      <Filter>Source Files</Filter>
    </ClCompile>
    <ClCompile Include="DownloadDialog.cpp">
      <Filter>Source Files</Filter>
    </ClCompile>
    <ClCompile Include="DownloadFile.cpp">
      <Filter>Source Files</Filter>
    </ClCompile>
    <ClCompile Include="EmbedFile.cpp">
      <Filter>Source Files</Filter>
    </ClCompile>
    <ClCompile Include="EmbedFolder.cpp">
      <Filter>Source Files</Filter>
    </ClCompile>
    <ClCompile Include="ExeComponent.cpp">
      <Filter>Source Files</Filter>
    </ClCompile>
    <ClCompile Include="ExtractComponent.cpp">
      <Filter>Source Files</Filter>
    </ClCompile>
    <ClCompile Include="FileAttribute.cpp">
      <Filter>Source Files</Filter>
    </ClCompile>
    <ClCompile Include="FileAttributes.cpp">
      <Filter>Source Files</Filter>
    </ClCompile>
    <ClCompile Include="InstallConfiguration.cpp">
      <Filter>Source Files</Filter>
    </ClCompile>
    <ClCompile Include="InstalledCheck.cpp">
      <Filter>Source Files</Filter>
    </ClCompile>
    <ClCompile Include="InstalledCheckDirectory.cpp">
      <Filter>Source Files</Filter>
    </ClCompile>
    <ClCompile Include="InstalledCheckFile.cpp">
      <Filter>Source Files</Filter>
    </ClCompile>
    <ClCompile Include="InstalledCheckOperator.cpp">
      <Filter>Source Files</Filter>
    </ClCompile>
    <ClCompile Include="InstalledCheckProduct.cpp">
      <Filter>Source Files</Filter>
    </ClCompile>
    <ClCompile Include="InstalledCheckRegistry.cpp">
      <Filter>Source Files</Filter>
    </ClCompile>
    <ClCompile Include="InstallerCommandLineInfo.cpp">
      <Filter>Source Files</Filter>
    </ClCompile>
    <ClCompile Include="InstallerLauncher.cpp">
      <Filter>Source Files</Filter>
    </ClCompile>
    <ClCompile Include="InstallerLog.cpp">
      <Filter>Source Files</Filter>
    </ClCompile>
    <ClCompile Include="InstallerSession.cpp">
      <Filter>Source Files</Filter>
    </ClCompile>
    <ClCompile Include="InstallerUI.cpp">
      <Filter>Source Files</Filter>
    </ClCompile>
    <ClCompile Include="InstallSequence.cpp">
      <Filter>Source Files</Filter>
    </ClCompile>
    <ClCompile Include="InstallUILevel.cpp">
      <Filter>Source Files</Filter>
    </ClCompile>
    <ClCompile Include="MsiComponent.cpp">
      <Filter>Source Files</Filter>
    </ClCompile>
    <ClCompile Include="MspComponent.cpp">
      <Filter>Source Files</Filter>
    </ClCompile>
    <ClCompile Include="MsuComponent.cpp">
      <Filter>Source Files</Filter>
    </ClCompile>
    <ClCompile Include="OpenFileComponent.cpp">
      <Filter>Source Files</Filter>
    </ClCompile>
    <ClCompile Include="ProcessComponent.cpp">
      <Filter>Source Files</Filter>
    </ClCompile>
    <ClCompile Include="ReferenceConfiguration.cpp">
      <Filter>Source Files</Filter>
    </ClCompile>
    <ClCompile Include="ResponseFile.cpp">
      <Filter>Source Files</Filter>
    </ClCompile>
    <ClCompile Include="ResponseFileIni.cpp">
      <Filter>Source Files</Filter>
    </ClCompile>
    <ClCompile Include="ResponseFileNone.cpp">
      <Filter>Source Files</Filter>
    </ClCompile>
    <ClCompile Include="ResponseFileText.cpp">
      <Filter>Source Files</Filter>
    </ClCompile>
    <ClCompile Include="Schema.cpp">
      <Filter>Source Files</Filter>
    </ClCompile>
    <ClCompile Include="SplashWnd.cpp">
      <Filter>Source Files</Filter>
    </ClCompile>
    <ClCompile Include="stdafx.cpp">
      <Filter>Source Files</Filter>
    </ClCompile>
    <ClCompile Include="ThreadComponent.cpp">
      <Filter>Source Files</Filter>
    </ClCompile>
    <ClCompile Include="WidgetPosition.cpp">
      <Filter>Source Files</Filter>
    </ClCompile>
    <ClCompile Include="Wow64NativeFS.cpp">
      <Filter>Source Files</Filter>
    </ClCompile>
    <ClCompile Include="XmlAttribute.cpp">
      <Filter>Source Files</Filter>
    </ClCompile>
  </ItemGroup>
  <ItemGroup>
    <ClInclude Include="CmdComponent.h">
      <Filter>Header Files</Filter>
    </ClInclude>
    <ClInclude Include="Component.h">
      <Filter>Header Files</Filter>
    </ClInclude>
    <ClInclude Include="Components.h">
      <Filter>Header Files</Filter>
    </ClInclude>
    <ClInclude Include="ComponentsStatus.h">
      <Filter>Header Files</Filter>
    </ClInclude>
    <ClInclude Include="ConfigFile.h">
      <Filter>Header Files</Filter>
    </ClInclude>
    <ClInclude Include="ConfigFiles.h">
      <Filter>Header Files</Filter>
    </ClInclude>
    <ClInclude Include="Configuration.h">
      <Filter>Header Files</Filter>
    </ClInclude>
    <ClInclude Include="Configurations.h">
      <Filter>Header Files</Filter>
    </ClInclude>
    <ClInclude Include="Control.h">
      <Filter>Header Files</Filter>
    </ClInclude>
    <ClInclude Include="ControlBrowse.h">
      <Filter>Header Files</Filter>
    </ClInclude>
    <ClInclude Include="ControlCheckBox.h">
      <Filter>Header Files</Filter>
    </ClInclude>
    <ClInclude Include="ControlEdit.h">
      <Filter>Header Files</Filter>
    </ClInclude>
    <ClInclude Include="ControlHyperlink.h">
      <Filter>Header Files</Filter>
    </ClInclude>
    <ClInclude Include="ControlImage.h">
      <Filter>Header Files</Filter>
    </ClInclude>
    <ClInclude Include="ControlLabel.h">
      <Filter>Header Files</Filter>
    </ClInclude>
    <ClInclude Include="ControlLicense.h">
      <Filter>Header Files</Filter>
    </ClInclude>
    <ClInclude Include="Controls.h">
      <Filter>Header Files</Filter>
    </ClInclude>
    <ClInclude Include="ControlText.h">
      <Filter>Header Files</Filter>
    </ClInclude>
    <ClInclude Include="DialogButton.h">
      <Filter>Header Files</Filter>
    </ClInclude>
    <ClInclude Include="DisableWnd.h">
      <Filter>Header Files</Filter>
    </ClInclude>
    <ClInclude Include="DniMessageBox.h">
      <Filter>Header Files</Filter>
    </ClInclude>
    <ClInclude Include="dotNetInstallerLib.h">
      <Filter>Header Files</Filter>
    </ClInclude>
    <ClInclude Include="DownloadCallback.h">
      <Filter>Header Files</Filter>
    </ClInclude>
    <ClInclude Include="DownloadDialog.h">
      <Filter>Header Files</Filter>
    </ClInclude>
    <ClInclude Include="DownloadFile.h">
      <Filter>Header Files</Filter>
    </ClInclude>
    <ClInclude Include="EmbedFile.h">
      <Filter>Header Files</Filter>
    </ClInclude>
    <ClInclude Include="EmbedFolder.h">
      <Filter>Header Files</Filter>
    </ClInclude>
    <ClInclude Include="ExeComponent.h">
      <Filter>Header Files</Filter>
    </ClInclude>
    <ClInclude Include="ExecuteCallback.h">
      <Filter>Header Files</Filter>
    </ClInclude>
    <ClInclude Include="ExtractComponent.h">
      <Filter>Header Files</Filter>
    </ClInclude>
    <ClInclude Include="FileAttribute.h">
      <Filter>Header Files</Filter>
    </ClInclude>
    <ClInclude Include="FileAttributes.h">
      <Filter>Header Files</Filter>
    </ClInclude>
    <ClInclude Include="InstallConfiguration.h">
      <Filter>Header Files</Filter>
    </ClInclude>
    <ClInclude Include="InstalledCheck.h">
      <Filter>Header Files</Filter>
    </ClInclude>
    <ClInclude Include="InstalledCheckDirectory.h">
      <Filter>Header Files</Filter>
    </ClInclude>
    <ClInclude Include="InstalledCheckFile.h">
      <Filter>Header Files</Filter>
    </ClInclude>
    <ClInclude Include="InstalledCheckOperator.h">
      <Filter>Header Files</Filter>
    </ClInclude>
    <ClInclude Include="InstalledCheckProduct.h">
      <Filter>Header Files</Filter>
    </ClInclude>
    <ClInclude Include="InstalledCheckRegistry.h">
      <Filter>Header Files</Filter>
    </ClInclude>
    <ClInclude Include="InstallerCommandLineInfo.h">
      <Filter>Header Files</Filter>
    </ClInclude>
    <ClInclude Include="InstallerLauncher.h">
      <Filter>Header Files</Filter>
    </ClInclude>
    <ClInclude Include="InstallerLog.h">
      <Filter>Header Files</Filter>
    </ClInclude>
    <ClInclude Include="InstallerSession.h">
      <Filter>Header Files</Filter>
    </ClInclude>
    <ClInclude Include="InstallerUI.h">
      <Filter>Header Files</Filter>
    </ClInclude>
    <ClInclude Include="InstallSequence.h">
      <Filter>Header Files</Filter>
    </ClInclude>
    <ClInclude Include="InstallUILevel.h">
      <Filter>Header Files</Filter>
    </ClInclude>
    <ClInclude Include="MsiComponent.h">
      <Filter>Header Files</Filter>
    </ClInclude>
    <ClInclude Include="MspComponent.h">
      <Filter>Header Files</Filter>
    </ClInclude>
    <ClInclude Include="MsuComponent.h">
      <Filter>Header Files</Filter>
    </ClInclude>
    <ClInclude Include="OpenFileComponent.h">
      <Filter>Header Files</Filter>
    </ClInclude>
    <ClInclude Include="ProcessComponent.h">
      <Filter>Header Files</Filter>
    </ClInclude>
    <ClInclude Include="ReferenceConfiguration.h">
      <Filter>Header Files</Filter>
    </ClInclude>
    <ClInclude Include="ResponseFile.h">
      <Filter>Header Files</Filter>
    </ClInclude>
    <ClInclude Include="ResponseFileIni.h">
      <Filter>Header Files</Filter>
    </ClInclude>
    <ClInclude Include="ResponseFileNone.h">
      <Filter>Header Files</Filter>
    </ClInclude>
    <ClInclude Include="ResponseFileText.h">
      <Filter>Header Files</Filter>
    </ClInclude>
    <ClInclude Include="Schema.h">
      <Filter>Header Files</Filter>
    </ClInclude>
    <ClInclude Include="SplashWnd.h">
      <Filter>Header Files</Filter>
    </ClInclude>
    <ClInclude Include="stdafx.h">
      <Filter>Header Files</Filter>
    </ClInclude>
    <ClInclude Include="ThreadComponent.h">
      <Filter>Header Files</Filter>
    </ClInclude>
    <ClInclude Include="WidgetPosition.h">
      <Filter>Header Files</Filter>
    </ClInclude>
    <ClInclude Include="Wow64NativeFS.h">
      <Filter>Header Files</Filter>
    </ClInclude>
    <ClInclude Include="XmlAttribute.h">
      <Filter>Header Files</Filter>
    </ClInclude>
  </ItemGroup>
</Project>